// !$*UTF8*$!
{
	archiveVersion = 1;
	classes = {
	};
	objectVersion = 50;
	objects = {

/* Begin PBXBuildFile section */
		1C4C746E0D19AB8DF625D725 /* Pods_GameCatalogTests.framework in Frameworks */ = {isa = PBXBuildFile; fileRef = 54B46D250FCB665CE0537F39 /* Pods_GameCatalogTests.framework */; };
		3D346023396363D199A53E8C /* Pods_GameCatalog.framework in Frameworks */ = {isa = PBXBuildFile; fileRef = 4E39EB980CF077F407CFA6FF /* Pods_GameCatalog.framework */; };
		97830412E2AF5055CB7F8BC6 /* Pods_GameCatalogUITests.framework in Frameworks */ = {isa = PBXBuildFile; fileRef = 20BE5BDDCE76ADE8CC8030F3 /* Pods_GameCatalogUITests.framework */; };
		F415D7D621FAF6C600A1B1F4 /* FilterSelectionTableViewCell.swift in Sources */ = {isa = PBXBuildFile; fileRef = F415D7D521FAF6C600A1B1F4 /* FilterSelectionTableViewCell.swift */; };
		F415D7D821FAF6D600A1B1F4 /* RangePickerTableViewCell.swift in Sources */ = {isa = PBXBuildFile; fileRef = F415D7D721FAF6D600A1B1F4 /* RangePickerTableViewCell.swift */; };
		F415D7DA21FAF6ED00A1B1F4 /* RateSelectionTableViewCell.swift in Sources */ = {isa = PBXBuildFile; fileRef = F415D7D921FAF6ED00A1B1F4 /* RateSelectionTableViewCell.swift */; };
		F4298A6621E41A4A00A306E6 /* Game.swift in Sources */ = {isa = PBXBuildFile; fileRef = F4298A6521E41A4A00A306E6 /* Game.swift */; };
		F4298A6921E41AFA00A306E6 /* API.swift in Sources */ = {isa = PBXBuildFile; fileRef = F4298A6821E41AFA00A306E6 /* API.swift */; };
		F4298A6A21E41E1A00A306E6 /* API.swift in Sources */ = {isa = PBXBuildFile; fileRef = F4298A6821E41AFA00A306E6 /* API.swift */; };
		F4298A6C21E4293200A306E6 /* GameListViewModel.swift in Sources */ = {isa = PBXBuildFile; fileRef = F4298A6B21E4293200A306E6 /* GameListViewModel.swift */; };
		F4298A6E21E54BC200A306E6 /* GameListViewController.swift in Sources */ = {isa = PBXBuildFile; fileRef = F4298A6D21E54BC200A306E6 /* GameListViewController.swift */; };
		F43F5ABE21F9B1940050FC82 /* FilterViewController.swift in Sources */ = {isa = PBXBuildFile; fileRef = F43F5ABD21F9B1940050FC82 /* FilterViewController.swift */; };
		F446FAF221E93A4D0040815C /* GameCollectionViewCell.swift in Sources */ = {isa = PBXBuildFile; fileRef = F446FAF121E93A4D0040815C /* GameCollectionViewCell.swift */; };
		F446FAF421E943590040815C /* UIView+Borders.swift in Sources */ = {isa = PBXBuildFile; fileRef = F446FAF321E943590040815C /* UIView+Borders.swift */; };
		F4618DD421E6820300997431 /* Assets.xcassets in Resources */ = {isa = PBXBuildFile; fileRef = F462112221DEC63F00FA02DB /* Assets.xcassets */; };
		F4618DD521E6820300997431 /* Assets.xcassets in Resources */ = {isa = PBXBuildFile; fileRef = F462112221DEC63F00FA02DB /* Assets.xcassets */; };
		F4618DD721E6833000997431 /* Localizable.strings in Resources */ = {isa = PBXBuildFile; fileRef = F4618DD621E6833000997431 /* Localizable.strings */; };
		F4618DD921E6836000997431 /* Language.swift in Sources */ = {isa = PBXBuildFile; fileRef = F4618DD821E6836000997431 /* Language.swift */; };
		F4618DDB21E685FE00997431 /* HeaderView.swift in Sources */ = {isa = PBXBuildFile; fileRef = F4618DDA21E685FE00997431 /* HeaderView.swift */; };
		F4618DDD21E68AD100997431 /* GCLabel.swift in Sources */ = {isa = PBXBuildFile; fileRef = F4618DDC21E68AD100997431 /* GCLabel.swift */; };
		F4618DDF21E6928000997431 /* CategoriesListView.swift in Sources */ = {isa = PBXBuildFile; fileRef = F4618DDE21E6928000997431 /* CategoriesListView.swift */; };
		F4618DE121E6944900997431 /* GCStyleKit.swift in Sources */ = {isa = PBXBuildFile; fileRef = F4618DE021E6944900997431 /* GCStyleKit.swift */; };
		F4618DE621E6ADC400997431 /* CategoryCollectionViewCell.swift in Sources */ = {isa = PBXBuildFile; fileRef = F4618DE521E6ADC400997431 /* CategoryCollectionViewCell.swift */; };
		F4618DE921E6B38C00997431 /* GamesListView.swift in Sources */ = {isa = PBXBuildFile; fileRef = F4618DE821E6B38C00997431 /* GamesListView.swift */; };
		F462111921DEC63E00FA02DB /* AppDelegate.swift in Sources */ = {isa = PBXBuildFile; fileRef = F462111821DEC63E00FA02DB /* AppDelegate.swift */; };
		F462112121DEC63E00FA02DB /* GameCatalog.xcdatamodeld in Sources */ = {isa = PBXBuildFile; fileRef = F462111F21DEC63E00FA02DB /* GameCatalog.xcdatamodeld */; };
		F462112321DEC63F00FA02DB /* Assets.xcassets in Resources */ = {isa = PBXBuildFile; fileRef = F462112221DEC63F00FA02DB /* Assets.xcassets */; };
		F462112621DEC63F00FA02DB /* LaunchScreen.storyboard in Resources */ = {isa = PBXBuildFile; fileRef = F462112421DEC63F00FA02DB /* LaunchScreen.storyboard */; };
		F462113121DEC63F00FA02DB /* GameCatalogTests.swift in Sources */ = {isa = PBXBuildFile; fileRef = F462113021DEC63F00FA02DB /* GameCatalogTests.swift */; };
		F462113C21DEC63F00FA02DB /* GameCatalogUITests.swift in Sources */ = {isa = PBXBuildFile; fileRef = F462113B21DEC63F00FA02DB /* GameCatalogUITests.swift */; };
		F470EEAB21EBF4F800035387 /* UICollectionView+FlowLayout.swift in Sources */ = {isa = PBXBuildFile; fileRef = F470EEAA21EBF4F800035387 /* UICollectionView+FlowLayout.swift */; };
		F470EEAD21EC0C9500035387 /* GameListItem.swift in Sources */ = {isa = PBXBuildFile; fileRef = F470EEAC21EC0C9500035387 /* GameListItem.swift */; };
		F48FDD8C21FF7E0B008E568D /* UITableViewCell+Separator.swift in Sources */ = {isa = PBXBuildFile; fileRef = F48FDD8B21FF7E0B008E568D /* UITableViewCell+Separator.swift */; };
		F48FDD8E21FF7E3C008E568D /* GCButton.swift in Sources */ = {isa = PBXBuildFile; fileRef = F48FDD8D21FF7E3C008E568D /* GCButton.swift */; };
		F48FDD9021FF8208008E568D /* FilterViewModel.swift in Sources */ = {isa = PBXBuildFile; fileRef = F48FDD8F21FF8208008E568D /* FilterViewModel.swift */; };
		F4E54ACA21ED39270088A32A /* GCDateFormatter.swift in Sources */ = {isa = PBXBuildFile; fileRef = F4E54AC921ED39270088A32A /* GCDateFormatter.swift */; };
/* End PBXBuildFile section */

/* Begin PBXContainerItemProxy section */
		F462112D21DEC63F00FA02DB /* PBXContainerItemProxy */ = {
			isa = PBXContainerItemProxy;
			containerPortal = F462110D21DEC63E00FA02DB /* Project object */;
			proxyType = 1;
			remoteGlobalIDString = F462111421DEC63E00FA02DB;
			remoteInfo = GameCatalog;
		};
		F462113821DEC63F00FA02DB /* PBXContainerItemProxy */ = {
			isa = PBXContainerItemProxy;
			containerPortal = F462110D21DEC63E00FA02DB /* Project object */;
			proxyType = 1;
			remoteGlobalIDString = F462111421DEC63E00FA02DB;
			remoteInfo = GameCatalog;
		};
/* End PBXContainerItemProxy section */

/* Begin PBXFileReference section */
		07E2098F9E3721EA8C9127C9 /* Pods-GameCatalogTests.release.xcconfig */ = {isa = PBXFileReference; includeInIndex = 1; lastKnownFileType = text.xcconfig; name = "Pods-GameCatalogTests.release.xcconfig"; path = "Pods/Target Support Files/Pods-GameCatalogTests/Pods-GameCatalogTests.release.xcconfig"; sourceTree = "<group>"; };
		0A92ECA7C4B2EE03E3452325 /* Pods-GameCatalogTests.debug.xcconfig */ = {isa = PBXFileReference; includeInIndex = 1; lastKnownFileType = text.xcconfig; name = "Pods-GameCatalogTests.debug.xcconfig"; path = "Pods/Target Support Files/Pods-GameCatalogTests/Pods-GameCatalogTests.debug.xcconfig"; sourceTree = "<group>"; };
		1D6A0A311E39D50D70C19E56 /* Pods-GameCatalog.debug.xcconfig */ = {isa = PBXFileReference; includeInIndex = 1; lastKnownFileType = text.xcconfig; name = "Pods-GameCatalog.debug.xcconfig"; path = "Pods/Target Support Files/Pods-GameCatalog/Pods-GameCatalog.debug.xcconfig"; sourceTree = "<group>"; };
		20BE5BDDCE76ADE8CC8030F3 /* Pods_GameCatalogUITests.framework */ = {isa = PBXFileReference; explicitFileType = wrapper.framework; includeInIndex = 0; path = Pods_GameCatalogUITests.framework; sourceTree = BUILT_PRODUCTS_DIR; };
		38E082B5C946E5FA58AA9EE8 /* Pods-GameCatalogUITests.release.xcconfig */ = {isa = PBXFileReference; includeInIndex = 1; lastKnownFileType = text.xcconfig; name = "Pods-GameCatalogUITests.release.xcconfig"; path = "Pods/Target Support Files/Pods-GameCatalogUITests/Pods-GameCatalogUITests.release.xcconfig"; sourceTree = "<group>"; };
		4E39EB980CF077F407CFA6FF /* Pods_GameCatalog.framework */ = {isa = PBXFileReference; explicitFileType = wrapper.framework; includeInIndex = 0; path = Pods_GameCatalog.framework; sourceTree = BUILT_PRODUCTS_DIR; };
		54B46D250FCB665CE0537F39 /* Pods_GameCatalogTests.framework */ = {isa = PBXFileReference; explicitFileType = wrapper.framework; includeInIndex = 0; path = Pods_GameCatalogTests.framework; sourceTree = BUILT_PRODUCTS_DIR; };
		C5AE3682E9EBE7B33121A54B /* Pods-GameCatalog.release.xcconfig */ = {isa = PBXFileReference; includeInIndex = 1; lastKnownFileType = text.xcconfig; name = "Pods-GameCatalog.release.xcconfig"; path = "Pods/Target Support Files/Pods-GameCatalog/Pods-GameCatalog.release.xcconfig"; sourceTree = "<group>"; };
		F415D7D521FAF6C600A1B1F4 /* FilterSelectionTableViewCell.swift */ = {isa = PBXFileReference; lastKnownFileType = sourcecode.swift; path = FilterSelectionTableViewCell.swift; sourceTree = "<group>"; };
		F415D7D721FAF6D600A1B1F4 /* RangePickerTableViewCell.swift */ = {isa = PBXFileReference; lastKnownFileType = sourcecode.swift; path = RangePickerTableViewCell.swift; sourceTree = "<group>"; };
		F415D7D921FAF6ED00A1B1F4 /* RateSelectionTableViewCell.swift */ = {isa = PBXFileReference; lastKnownFileType = sourcecode.swift; path = RateSelectionTableViewCell.swift; sourceTree = "<group>"; };
		F4298A6521E41A4A00A306E6 /* Game.swift */ = {isa = PBXFileReference; lastKnownFileType = sourcecode.swift; path = Game.swift; sourceTree = "<group>"; };
		F4298A6821E41AFA00A306E6 /* API.swift */ = {isa = PBXFileReference; lastKnownFileType = sourcecode.swift; path = API.swift; sourceTree = "<group>"; };
		F4298A6B21E4293200A306E6 /* GameListViewModel.swift */ = {isa = PBXFileReference; lastKnownFileType = sourcecode.swift; path = GameListViewModel.swift; sourceTree = "<group>"; };
		F4298A6D21E54BC200A306E6 /* GameListViewController.swift */ = {isa = PBXFileReference; lastKnownFileType = sourcecode.swift; path = GameListViewController.swift; sourceTree = "<group>"; };
		F43F5ABD21F9B1940050FC82 /* FilterViewController.swift */ = {isa = PBXFileReference; lastKnownFileType = sourcecode.swift; path = FilterViewController.swift; sourceTree = "<group>"; };
		F446FAF121E93A4D0040815C /* GameCollectionViewCell.swift */ = {isa = PBXFileReference; lastKnownFileType = sourcecode.swift; path = GameCollectionViewCell.swift; sourceTree = "<group>"; };
		F446FAF321E943590040815C /* UIView+Borders.swift */ = {isa = PBXFileReference; lastKnownFileType = sourcecode.swift; path = "UIView+Borders.swift"; sourceTree = "<group>"; };
		F4618DD621E6833000997431 /* Localizable.strings */ = {isa = PBXFileReference; lastKnownFileType = text.plist.strings; path = Localizable.strings; sourceTree = "<group>"; };
		F4618DD821E6836000997431 /* Language.swift */ = {isa = PBXFileReference; lastKnownFileType = sourcecode.swift; path = Language.swift; sourceTree = "<group>"; };
		F4618DDA21E685FE00997431 /* HeaderView.swift */ = {isa = PBXFileReference; lastKnownFileType = sourcecode.swift; path = HeaderView.swift; sourceTree = "<group>"; };
		F4618DDC21E68AD100997431 /* GCLabel.swift */ = {isa = PBXFileReference; lastKnownFileType = sourcecode.swift; path = GCLabel.swift; sourceTree = "<group>"; };
		F4618DDE21E6928000997431 /* CategoriesListView.swift */ = {isa = PBXFileReference; lastKnownFileType = sourcecode.swift; path = CategoriesListView.swift; sourceTree = "<group>"; };
		F4618DE021E6944900997431 /* GCStyleKit.swift */ = {isa = PBXFileReference; fileEncoding = 4; lastKnownFileType = sourcecode.swift; path = GCStyleKit.swift; sourceTree = "<group>"; };
		F4618DE521E6ADC400997431 /* CategoryCollectionViewCell.swift */ = {isa = PBXFileReference; lastKnownFileType = sourcecode.swift; path = CategoryCollectionViewCell.swift; sourceTree = "<group>"; };
		F4618DE821E6B38C00997431 /* GamesListView.swift */ = {isa = PBXFileReference; lastKnownFileType = sourcecode.swift; path = GamesListView.swift; sourceTree = "<group>"; };
		F462111521DEC63E00FA02DB /* GameCatalog.app */ = {isa = PBXFileReference; explicitFileType = wrapper.application; includeInIndex = 0; path = GameCatalog.app; sourceTree = BUILT_PRODUCTS_DIR; };
		F462111821DEC63E00FA02DB /* AppDelegate.swift */ = {isa = PBXFileReference; lastKnownFileType = sourcecode.swift; path = AppDelegate.swift; sourceTree = "<group>"; };
		F462112021DEC63E00FA02DB /* GameCatalog.xcdatamodel */ = {isa = PBXFileReference; lastKnownFileType = wrapper.xcdatamodel; path = GameCatalog.xcdatamodel; sourceTree = "<group>"; };
		F462112221DEC63F00FA02DB /* Assets.xcassets */ = {isa = PBXFileReference; lastKnownFileType = folder.assetcatalog; path = Assets.xcassets; sourceTree = "<group>"; };
		F462112521DEC63F00FA02DB /* Base */ = {isa = PBXFileReference; lastKnownFileType = file.storyboard; name = Base; path = Base.lproj/LaunchScreen.storyboard; sourceTree = "<group>"; };
		F462112721DEC63F00FA02DB /* Info.plist */ = {isa = PBXFileReference; lastKnownFileType = text.plist.xml; path = Info.plist; sourceTree = "<group>"; };
		F462112C21DEC63F00FA02DB /* GameCatalogTests.xctest */ = {isa = PBXFileReference; explicitFileType = wrapper.cfbundle; includeInIndex = 0; path = GameCatalogTests.xctest; sourceTree = BUILT_PRODUCTS_DIR; };
		F462113021DEC63F00FA02DB /* GameCatalogTests.swift */ = {isa = PBXFileReference; lastKnownFileType = sourcecode.swift; path = GameCatalogTests.swift; sourceTree = "<group>"; };
		F462113221DEC63F00FA02DB /* Info.plist */ = {isa = PBXFileReference; lastKnownFileType = text.plist.xml; path = Info.plist; sourceTree = "<group>"; };
		F462113721DEC63F00FA02DB /* GameCatalogUITests.xctest */ = {isa = PBXFileReference; explicitFileType = wrapper.cfbundle; includeInIndex = 0; path = GameCatalogUITests.xctest; sourceTree = BUILT_PRODUCTS_DIR; };
		F462113B21DEC63F00FA02DB /* GameCatalogUITests.swift */ = {isa = PBXFileReference; lastKnownFileType = sourcecode.swift; path = GameCatalogUITests.swift; sourceTree = "<group>"; };
		F462113D21DEC63F00FA02DB /* Info.plist */ = {isa = PBXFileReference; lastKnownFileType = text.plist.xml; path = Info.plist; sourceTree = "<group>"; };
		F470EEAA21EBF4F800035387 /* UICollectionView+FlowLayout.swift */ = {isa = PBXFileReference; lastKnownFileType = sourcecode.swift; path = "UICollectionView+FlowLayout.swift"; sourceTree = "<group>"; };
		F470EEAC21EC0C9500035387 /* GameListItem.swift */ = {isa = PBXFileReference; lastKnownFileType = sourcecode.swift; path = GameListItem.swift; sourceTree = "<group>"; };
		F48FDD8B21FF7E0B008E568D /* UITableViewCell+Separator.swift */ = {isa = PBXFileReference; lastKnownFileType = sourcecode.swift; path = "UITableViewCell+Separator.swift"; sourceTree = "<group>"; };
		F48FDD8D21FF7E3C008E568D /* GCButton.swift */ = {isa = PBXFileReference; lastKnownFileType = sourcecode.swift; path = GCButton.swift; sourceTree = "<group>"; };
		F48FDD8F21FF8208008E568D /* FilterViewModel.swift */ = {isa = PBXFileReference; lastKnownFileType = sourcecode.swift; path = FilterViewModel.swift; sourceTree = "<group>"; };
		F4E54AC921ED39270088A32A /* GCDateFormatter.swift */ = {isa = PBXFileReference; lastKnownFileType = sourcecode.swift; path = GCDateFormatter.swift; sourceTree = "<group>"; };
		FAABB7A60B26642799B27367 /* Pods-GameCatalogUITests.debug.xcconfig */ = {isa = PBXFileReference; includeInIndex = 1; lastKnownFileType = text.xcconfig; name = "Pods-GameCatalogUITests.debug.xcconfig"; path = "Pods/Target Support Files/Pods-GameCatalogUITests/Pods-GameCatalogUITests.debug.xcconfig"; sourceTree = "<group>"; };
/* End PBXFileReference section */

/* Begin PBXFrameworksBuildPhase section */
		F462111221DEC63E00FA02DB /* Frameworks */ = {
			isa = PBXFrameworksBuildPhase;
			buildActionMask = 2147483647;
			files = (
				3D346023396363D199A53E8C /* Pods_GameCatalog.framework in Frameworks */,
			);
			runOnlyForDeploymentPostprocessing = 0;
		};
		F462112921DEC63F00FA02DB /* Frameworks */ = {
			isa = PBXFrameworksBuildPhase;
			buildActionMask = 2147483647;
			files = (
				1C4C746E0D19AB8DF625D725 /* Pods_GameCatalogTests.framework in Frameworks */,
			);
			runOnlyForDeploymentPostprocessing = 0;
		};
		F462113421DEC63F00FA02DB /* Frameworks */ = {
			isa = PBXFrameworksBuildPhase;
			buildActionMask = 2147483647;
			files = (
				97830412E2AF5055CB7F8BC6 /* Pods_GameCatalogUITests.framework in Frameworks */,
			);
			runOnlyForDeploymentPostprocessing = 0;
		};
/* End PBXFrameworksBuildPhase section */

/* Begin PBXGroup section */
		82E8185DBF4207C0654FFB43 /* Frameworks */ = {
			isa = PBXGroup;
			children = (
				4E39EB980CF077F407CFA6FF /* Pods_GameCatalog.framework */,
				54B46D250FCB665CE0537F39 /* Pods_GameCatalogTests.framework */,
				20BE5BDDCE76ADE8CC8030F3 /* Pods_GameCatalogUITests.framework */,
			);
			name = Frameworks;
			sourceTree = "<group>";
		};
		C812C2DFF2C363A995388F8F /* Pods */ = {
			isa = PBXGroup;
			children = (
				1D6A0A311E39D50D70C19E56 /* Pods-GameCatalog.debug.xcconfig */,
				C5AE3682E9EBE7B33121A54B /* Pods-GameCatalog.release.xcconfig */,
				0A92ECA7C4B2EE03E3452325 /* Pods-GameCatalogTests.debug.xcconfig */,
				07E2098F9E3721EA8C9127C9 /* Pods-GameCatalogTests.release.xcconfig */,
				FAABB7A60B26642799B27367 /* Pods-GameCatalogUITests.debug.xcconfig */,
				38E082B5C946E5FA58AA9EE8 /* Pods-GameCatalogUITests.release.xcconfig */,
			);
			name = Pods;
			sourceTree = "<group>";
		};
		F4298A5821E4105000A306E6 /* App */ = {
			isa = PBXGroup;
			children = (
				F4298A5C21E4106B00A306E6 /* Search */,
				F4298A5B21E4106600A306E6 /* GameList */,
			);
			path = App;
			sourceTree = "<group>";
		};
		F4298A5921E4105800A306E6 /* Extensions */ = {
			isa = PBXGroup;
			children = (
				F446FAF321E943590040815C /* UIView+Borders.swift */,
				F470EEAA21EBF4F800035387 /* UICollectionView+FlowLayout.swift */,
				F48FDD8B21FF7E0B008E568D /* UITableViewCell+Separator.swift */,
			);
			path = Extensions;
			sourceTree = "<group>";
		};
		F4298A5A21E4106100A306E6 /* Components */ = {
			isa = PBXGroup;
			children = (
				F4618DDC21E68AD100997431 /* GCLabel.swift */,
				F48FDD8D21FF7E3C008E568D /* GCButton.swift */,
			);
			path = Components;
			sourceTree = "<group>";
		};
		F4298A5B21E4106600A306E6 /* GameList */ = {
			isa = PBXGroup;
			children = (
				F4298A5F21E4107D00A306E6 /* Controllers */,
				F4298A5E21E4107800A306E6 /* ViewModels */,
				F4298A5D21E4107100A306E6 /* Views */,
			);
			path = GameList;
			sourceTree = "<group>";
		};
		F4298A5C21E4106B00A306E6 /* Search */ = {
			isa = PBXGroup;
			children = (
				F4298A6221E4108E00A306E6 /* ViewModels */,
				F4298A6121E4108900A306E6 /* Controllers */,
				F4298A6021E4108300A306E6 /* Views */,
			);
			path = Search;
			sourceTree = "<group>";
		};
		F4298A5D21E4107100A306E6 /* Views */ = {
			isa = PBXGroup;
			children = (
				F4618DDE21E6928000997431 /* CategoriesListView.swift */,
				F446FAF121E93A4D0040815C /* GameCollectionViewCell.swift */,
				F470EEAC21EC0C9500035387 /* GameListItem.swift */,
				F4618DE821E6B38C00997431 /* GamesListView.swift */,
				F4618DE521E6ADC400997431 /* CategoryCollectionViewCell.swift */,
				F4618DDA21E685FE00997431 /* HeaderView.swift */,
			);
			path = Views;
			sourceTree = "<group>";
		};
		F4298A5E21E4107800A306E6 /* ViewModels */ = {
			isa = PBXGroup;
			children = (
				F4298A6B21E4293200A306E6 /* GameListViewModel.swift */,
			);
			path = ViewModels;
			sourceTree = "<group>";
		};
		F4298A5F21E4107D00A306E6 /* Controllers */ = {
			isa = PBXGroup;
			children = (
				F4298A6D21E54BC200A306E6 /* GameListViewController.swift */,
			);
			path = Controllers;
			sourceTree = "<group>";
		};
		F4298A6021E4108300A306E6 /* Views */ = {
			isa = PBXGroup;
			children = (
				F415D7D521FAF6C600A1B1F4 /* FilterSelectionTableViewCell.swift */,
				F415D7D721FAF6D600A1B1F4 /* RangePickerTableViewCell.swift */,
				F415D7D921FAF6ED00A1B1F4 /* RateSelectionTableViewCell.swift */,
			);
			path = Views;
			sourceTree = "<group>";
		};
		F4298A6121E4108900A306E6 /* Controllers */ = {
			isa = PBXGroup;
			children = (
				F43F5ABD21F9B1940050FC82 /* FilterViewController.swift */,
			);
			path = Controllers;
			sourceTree = "<group>";
		};
		F4298A6221E4108E00A306E6 /* ViewModels */ = {
			isa = PBXGroup;
			children = (
				F48FDD8F21FF8208008E568D /* FilterViewModel.swift */,
			);
			path = ViewModels;
			sourceTree = "<group>";
		};
		F4298A6321E410A700A306E6 /* Common */ = {
			isa = PBXGroup;
			children = (
				F4618DE021E6944900997431 /* GCStyleKit.swift */,
				F462111821DEC63E00FA02DB /* AppDelegate.swift */,
				F4618DD621E6833000997431 /* Localizable.strings */,
				F4618DD821E6836000997431 /* Language.swift */,
			);
			path = Common;
			sourceTree = "<group>";
		};
		F4298A6421E41A3F00A306E6 /* Models */ = {
			isa = PBXGroup;
			children = (
				F4298A6521E41A4A00A306E6 /* Game.swift */,
			);
			path = Models;
			sourceTree = "<group>";
		};
		F4298A6721E41A9300A306E6 /* Services */ = {
			isa = PBXGroup;
			children = (
				F4298A6821E41AFA00A306E6 /* API.swift */,
			);
			path = Services;
			sourceTree = "<group>";
		};
		F462110C21DEC63E00FA02DB = {
			isa = PBXGroup;
			children = (
				F462111721DEC63E00FA02DB /* GameCatalog */,
				F462112F21DEC63F00FA02DB /* GameCatalogTests */,
				F462113A21DEC63F00FA02DB /* GameCatalogUITests */,
				F462111621DEC63E00FA02DB /* Products */,
				C812C2DFF2C363A995388F8F /* Pods */,
				82E8185DBF4207C0654FFB43 /* Frameworks */,
			);
			sourceTree = "<group>";
		};
		F462111621DEC63E00FA02DB /* Products */ = {
			isa = PBXGroup;
			children = (
				F462111521DEC63E00FA02DB /* GameCatalog.app */,
				F462112C21DEC63F00FA02DB /* GameCatalogTests.xctest */,
				F462113721DEC63F00FA02DB /* GameCatalogUITests.xctest */,
			);
			name = Products;
			sourceTree = "<group>";
		};
		F462111721DEC63E00FA02DB /* GameCatalog */ = {
			isa = PBXGroup;
			children = (
				F4E54AC821ED39110088A32A /* Helpers */,
				F4298A6721E41A9300A306E6 /* Services */,
				F4298A6421E41A3F00A306E6 /* Models */,
				F4298A6321E410A700A306E6 /* Common */,
				F4298A5A21E4106100A306E6 /* Components */,
				F4298A5921E4105800A306E6 /* Extensions */,
				F4298A5821E4105000A306E6 /* App */,
				F462112221DEC63F00FA02DB /* Assets.xcassets */,
				F462112421DEC63F00FA02DB /* LaunchScreen.storyboard */,
				F462112721DEC63F00FA02DB /* Info.plist */,
				F462111F21DEC63E00FA02DB /* GameCatalog.xcdatamodeld */,
			);
			path = GameCatalog;
			sourceTree = "<group>";
		};
		F462112F21DEC63F00FA02DB /* GameCatalogTests */ = {
			isa = PBXGroup;
			children = (
				F462113021DEC63F00FA02DB /* GameCatalogTests.swift */,
				F462113221DEC63F00FA02DB /* Info.plist */,
			);
			path = GameCatalogTests;
			sourceTree = "<group>";
		};
		F462113A21DEC63F00FA02DB /* GameCatalogUITests */ = {
			isa = PBXGroup;
			children = (
				F462113B21DEC63F00FA02DB /* GameCatalogUITests.swift */,
				F462113D21DEC63F00FA02DB /* Info.plist */,
			);
			path = GameCatalogUITests;
			sourceTree = "<group>";
		};
		F4E54AC821ED39110088A32A /* Helpers */ = {
			isa = PBXGroup;
			children = (
				F4E54AC921ED39270088A32A /* GCDateFormatter.swift */,
			);
			path = Helpers;
			sourceTree = "<group>";
		};
/* End PBXGroup section */

/* Begin PBXNativeTarget section */
		F462111421DEC63E00FA02DB /* GameCatalog */ = {
			isa = PBXNativeTarget;
			buildConfigurationList = F462114021DEC63F00FA02DB /* Build configuration list for PBXNativeTarget "GameCatalog" */;
			buildPhases = (
				606714010F243DBD5D13943D /* [CP] Check Pods Manifest.lock */,
				F462111121DEC63E00FA02DB /* Sources */,
				F462111221DEC63E00FA02DB /* Frameworks */,
				F462111321DEC63E00FA02DB /* Resources */,
				593174A663CB41547DBB1A5A /* [CP] Embed Pods Frameworks */,
			);
			buildRules = (
			);
			dependencies = (
			);
			name = GameCatalog;
			productName = GameCatalog;
			productReference = F462111521DEC63E00FA02DB /* GameCatalog.app */;
			productType = "com.apple.product-type.application";
		};
		F462112B21DEC63F00FA02DB /* GameCatalogTests */ = {
			isa = PBXNativeTarget;
			buildConfigurationList = F462114321DEC63F00FA02DB /* Build configuration list for PBXNativeTarget "GameCatalogTests" */;
			buildPhases = (
				C9CA28282EBF3AD21F326FA1 /* [CP] Check Pods Manifest.lock */,
				F462112821DEC63F00FA02DB /* Sources */,
				F462112921DEC63F00FA02DB /* Frameworks */,
				F462112A21DEC63F00FA02DB /* Resources */,
			);
			buildRules = (
			);
			dependencies = (
				F462112E21DEC63F00FA02DB /* PBXTargetDependency */,
			);
			name = GameCatalogTests;
			productName = GameCatalogTests;
			productReference = F462112C21DEC63F00FA02DB /* GameCatalogTests.xctest */;
			productType = "com.apple.product-type.bundle.unit-test";
		};
		F462113621DEC63F00FA02DB /* GameCatalogUITests */ = {
			isa = PBXNativeTarget;
			buildConfigurationList = F462114621DEC63F00FA02DB /* Build configuration list for PBXNativeTarget "GameCatalogUITests" */;
			buildPhases = (
				7977A9B8945D5AC931534171 /* [CP] Check Pods Manifest.lock */,
				F462113321DEC63F00FA02DB /* Sources */,
				F462113421DEC63F00FA02DB /* Frameworks */,
				F462113521DEC63F00FA02DB /* Resources */,
			);
			buildRules = (
			);
			dependencies = (
				F462113921DEC63F00FA02DB /* PBXTargetDependency */,
			);
			name = GameCatalogUITests;
			productName = GameCatalogUITests;
			productReference = F462113721DEC63F00FA02DB /* GameCatalogUITests.xctest */;
			productType = "com.apple.product-type.bundle.ui-testing";
		};
/* End PBXNativeTarget section */

/* Begin PBXProject section */
		F462110D21DEC63E00FA02DB /* Project object */ = {
			isa = PBXProject;
			attributes = {
				LastSwiftUpdateCheck = 1010;
				LastUpgradeCheck = 1010;
				ORGANIZATIONNAME = Dev;
				TargetAttributes = {
					F462111421DEC63E00FA02DB = {
						CreatedOnToolsVersion = 10.1;
					};
					F462112B21DEC63F00FA02DB = {
						CreatedOnToolsVersion = 10.1;
						TestTargetID = F462111421DEC63E00FA02DB;
					};
					F462113621DEC63F00FA02DB = {
						CreatedOnToolsVersion = 10.1;
						TestTargetID = F462111421DEC63E00FA02DB;
					};
				};
			};
			buildConfigurationList = F462111021DEC63E00FA02DB /* Build configuration list for PBXProject "GameCatalog" */;
			compatibilityVersion = "Xcode 9.3";
			developmentRegion = en;
			hasScannedForEncodings = 0;
			knownRegions = (
				en,
				Base,
			);
			mainGroup = F462110C21DEC63E00FA02DB;
			productRefGroup = F462111621DEC63E00FA02DB /* Products */;
			projectDirPath = "";
			projectRoot = "";
			targets = (
				F462111421DEC63E00FA02DB /* GameCatalog */,
				F462112B21DEC63F00FA02DB /* GameCatalogTests */,
				F462113621DEC63F00FA02DB /* GameCatalogUITests */,
			);
		};
/* End PBXProject section */

/* Begin PBXResourcesBuildPhase section */
		F462111321DEC63E00FA02DB /* Resources */ = {
			isa = PBXResourcesBuildPhase;
			buildActionMask = 2147483647;
			files = (
				F4618DD721E6833000997431 /* Localizable.strings in Resources */,
				F462112621DEC63F00FA02DB /* LaunchScreen.storyboard in Resources */,
				F462112321DEC63F00FA02DB /* Assets.xcassets in Resources */,
			);
			runOnlyForDeploymentPostprocessing = 0;
		};
		F462112A21DEC63F00FA02DB /* Resources */ = {
			isa = PBXResourcesBuildPhase;
			buildActionMask = 2147483647;
			files = (
				F4618DD421E6820300997431 /* Assets.xcassets in Resources */,
			);
			runOnlyForDeploymentPostprocessing = 0;
		};
		F462113521DEC63F00FA02DB /* Resources */ = {
			isa = PBXResourcesBuildPhase;
			buildActionMask = 2147483647;
			files = (
				F4618DD521E6820300997431 /* Assets.xcassets in Resources */,
			);
			runOnlyForDeploymentPostprocessing = 0;
		};
/* End PBXResourcesBuildPhase section */

/* Begin PBXShellScriptBuildPhase section */
		593174A663CB41547DBB1A5A /* [CP] Embed Pods Frameworks */ = {
			isa = PBXShellScriptBuildPhase;
			buildActionMask = 2147483647;
			files = (
			);
			inputPaths = (
				"${SRCROOT}/Pods/Target Support Files/Pods-GameCatalog/Pods-GameCatalog-frameworks.sh",
				"${BUILT_PRODUCTS_DIR}/Alamofire/Alamofire.framework",
				"${BUILT_PRODUCTS_DIR}/Kingfisher/Kingfisher.framework",
				"${BUILT_PRODUCTS_DIR}/Moya/Moya.framework",
				"${BUILT_PRODUCTS_DIR}/RangeSeekSlider/RangeSeekSlider.framework",
				"${BUILT_PRODUCTS_DIR}/Result/Result.framework",
				"${BUILT_PRODUCTS_DIR}/RxCocoa/RxCocoa.framework",
				"${BUILT_PRODUCTS_DIR}/RxSwift/RxSwift.framework",
				"${BUILT_PRODUCTS_DIR}/SnapKit/SnapKit.framework",
			);
			name = "[CP] Embed Pods Frameworks";
			outputPaths = (
				"${TARGET_BUILD_DIR}/${FRAMEWORKS_FOLDER_PATH}/Alamofire.framework",
				"${TARGET_BUILD_DIR}/${FRAMEWORKS_FOLDER_PATH}/Kingfisher.framework",
				"${TARGET_BUILD_DIR}/${FRAMEWORKS_FOLDER_PATH}/Moya.framework",
				"${TARGET_BUILD_DIR}/${FRAMEWORKS_FOLDER_PATH}/RangeSeekSlider.framework",
				"${TARGET_BUILD_DIR}/${FRAMEWORKS_FOLDER_PATH}/Result.framework",
				"${TARGET_BUILD_DIR}/${FRAMEWORKS_FOLDER_PATH}/RxCocoa.framework",
				"${TARGET_BUILD_DIR}/${FRAMEWORKS_FOLDER_PATH}/RxSwift.framework",
				"${TARGET_BUILD_DIR}/${FRAMEWORKS_FOLDER_PATH}/SnapKit.framework",
			);
			runOnlyForDeploymentPostprocessing = 0;
			shellPath = /bin/sh;
			shellScript = "\"${SRCROOT}/Pods/Target Support Files/Pods-GameCatalog/Pods-GameCatalog-frameworks.sh\"\n";
			showEnvVarsInLog = 0;
		};
		606714010F243DBD5D13943D /* [CP] Check Pods Manifest.lock */ = {
			isa = PBXShellScriptBuildPhase;
			buildActionMask = 2147483647;
			files = (
			);
			inputPaths = (
				"${PODS_PODFILE_DIR_PATH}/Podfile.lock",
				"${PODS_ROOT}/Manifest.lock",
			);
			name = "[CP] Check Pods Manifest.lock";
			outputPaths = (
				"$(DERIVED_FILE_DIR)/Pods-GameCatalog-checkManifestLockResult.txt",
			);
			runOnlyForDeploymentPostprocessing = 0;
			shellPath = /bin/sh;
			shellScript = "diff \"${PODS_PODFILE_DIR_PATH}/Podfile.lock\" \"${PODS_ROOT}/Manifest.lock\" > /dev/null\nif [ $? != 0 ] ; then\n    # print error to STDERR\n    echo \"error: The sandbox is not in sync with the Podfile.lock. Run 'pod install' or update your CocoaPods installation.\" >&2\n    exit 1\nfi\n# This output is used by Xcode 'outputs' to avoid re-running this script phase.\necho \"SUCCESS\" > \"${SCRIPT_OUTPUT_FILE_0}\"\n";
			showEnvVarsInLog = 0;
		};
		7977A9B8945D5AC931534171 /* [CP] Check Pods Manifest.lock */ = {
			isa = PBXShellScriptBuildPhase;
			buildActionMask = 2147483647;
			files = (
			);
			inputPaths = (
				"${PODS_PODFILE_DIR_PATH}/Podfile.lock",
				"${PODS_ROOT}/Manifest.lock",
			);
			name = "[CP] Check Pods Manifest.lock";
			outputPaths = (
				"$(DERIVED_FILE_DIR)/Pods-GameCatalogUITests-checkManifestLockResult.txt",
			);
			runOnlyForDeploymentPostprocessing = 0;
			shellPath = /bin/sh;
			shellScript = "diff \"${PODS_PODFILE_DIR_PATH}/Podfile.lock\" \"${PODS_ROOT}/Manifest.lock\" > /dev/null\nif [ $? != 0 ] ; then\n    # print error to STDERR\n    echo \"error: The sandbox is not in sync with the Podfile.lock. Run 'pod install' or update your CocoaPods installation.\" >&2\n    exit 1\nfi\n# This output is used by Xcode 'outputs' to avoid re-running this script phase.\necho \"SUCCESS\" > \"${SCRIPT_OUTPUT_FILE_0}\"\n";
			showEnvVarsInLog = 0;
		};
		C9CA28282EBF3AD21F326FA1 /* [CP] Check Pods Manifest.lock */ = {
			isa = PBXShellScriptBuildPhase;
			buildActionMask = 2147483647;
			files = (
			);
			inputPaths = (
				"${PODS_PODFILE_DIR_PATH}/Podfile.lock",
				"${PODS_ROOT}/Manifest.lock",
			);
			name = "[CP] Check Pods Manifest.lock";
			outputPaths = (
				"$(DERIVED_FILE_DIR)/Pods-GameCatalogTests-checkManifestLockResult.txt",
			);
			runOnlyForDeploymentPostprocessing = 0;
			shellPath = /bin/sh;
			shellScript = "diff \"${PODS_PODFILE_DIR_PATH}/Podfile.lock\" \"${PODS_ROOT}/Manifest.lock\" > /dev/null\nif [ $? != 0 ] ; then\n    # print error to STDERR\n    echo \"error: The sandbox is not in sync with the Podfile.lock. Run 'pod install' or update your CocoaPods installation.\" >&2\n    exit 1\nfi\n# This output is used by Xcode 'outputs' to avoid re-running this script phase.\necho \"SUCCESS\" > \"${SCRIPT_OUTPUT_FILE_0}\"\n";
			showEnvVarsInLog = 0;
		};
/* End PBXShellScriptBuildPhase section */

/* Begin PBXSourcesBuildPhase section */
		F462111121DEC63E00FA02DB /* Sources */ = {
			isa = PBXSourcesBuildPhase;
			buildActionMask = 2147483647;
			files = (
				F415D7DA21FAF6ED00A1B1F4 /* RateSelectionTableViewCell.swift in Sources */,
				F4618DE921E6B38C00997431 /* GamesListView.swift in Sources */,
				F48FDD9021FF8208008E568D /* FilterViewModel.swift in Sources */,
				F470EEAD21EC0C9500035387 /* GameListItem.swift in Sources */,
				F48FDD8C21FF7E0B008E568D /* UITableViewCell+Separator.swift in Sources */,
				F4618DDB21E685FE00997431 /* HeaderView.swift in Sources */,
				F4618DDD21E68AD100997431 /* GCLabel.swift in Sources */,
				F446FAF421E943590040815C /* UIView+Borders.swift in Sources */,
				F462112121DEC63E00FA02DB /* GameCatalog.xcdatamodeld in Sources */,
				F4618DD921E6836000997431 /* Language.swift in Sources */,
				F470EEAB21EBF4F800035387 /* UICollectionView+FlowLayout.swift in Sources */,
				F4E54ACA21ED39270088A32A /* GCDateFormatter.swift in Sources */,
				F4298A6C21E4293200A306E6 /* GameListViewModel.swift in Sources */,
				F462111921DEC63E00FA02DB /* AppDelegate.swift in Sources */,
				F4298A6621E41A4A00A306E6 /* Game.swift in Sources */,
				F415D7D621FAF6C600A1B1F4 /* FilterSelectionTableViewCell.swift in Sources */,
				F48FDD8E21FF7E3C008E568D /* GCButton.swift in Sources */,
				F4298A6E21E54BC200A306E6 /* GameListViewController.swift in Sources */,
				F43F5ABE21F9B1940050FC82 /* FilterViewController.swift in Sources */,
				F4298A6921E41AFA00A306E6 /* API.swift in Sources */,
				F446FAF221E93A4D0040815C /* GameCollectionViewCell.swift in Sources */,
				F4618DE621E6ADC400997431 /* CategoryCollectionViewCell.swift in Sources */,
				F4618DE121E6944900997431 /* GCStyleKit.swift in Sources */,
				F415D7D821FAF6D600A1B1F4 /* RangePickerTableViewCell.swift in Sources */,
				F4618DDF21E6928000997431 /* CategoriesListView.swift in Sources */,
			);
			runOnlyForDeploymentPostprocessing = 0;
		};
		F462112821DEC63F00FA02DB /* Sources */ = {
			isa = PBXSourcesBuildPhase;
			buildActionMask = 2147483647;
			files = (
				F4298A6A21E41E1A00A306E6 /* API.swift in Sources */,
				F462113121DEC63F00FA02DB /* GameCatalogTests.swift in Sources */,
			);
			runOnlyForDeploymentPostprocessing = 0;
		};
		F462113321DEC63F00FA02DB /* Sources */ = {
			isa = PBXSourcesBuildPhase;
			buildActionMask = 2147483647;
			files = (
				F462113C21DEC63F00FA02DB /* GameCatalogUITests.swift in Sources */,
			);
			runOnlyForDeploymentPostprocessing = 0;
		};
/* End PBXSourcesBuildPhase section */

/* Begin PBXTargetDependency section */
		F462112E21DEC63F00FA02DB /* PBXTargetDependency */ = {
			isa = PBXTargetDependency;
			target = F462111421DEC63E00FA02DB /* GameCatalog */;
			targetProxy = F462112D21DEC63F00FA02DB /* PBXContainerItemProxy */;
		};
		F462113921DEC63F00FA02DB /* PBXTargetDependency */ = {
			isa = PBXTargetDependency;
			target = F462111421DEC63E00FA02DB /* GameCatalog */;
			targetProxy = F462113821DEC63F00FA02DB /* PBXContainerItemProxy */;
		};
/* End PBXTargetDependency section */

/* Begin PBXVariantGroup section */
		F462112421DEC63F00FA02DB /* LaunchScreen.storyboard */ = {
			isa = PBXVariantGroup;
			children = (
				F462112521DEC63F00FA02DB /* Base */,
			);
			name = LaunchScreen.storyboard;
			sourceTree = "<group>";
		};
/* End PBXVariantGroup section */

/* Begin XCBuildConfiguration section */
		F462113E21DEC63F00FA02DB /* Debug */ = {
			isa = XCBuildConfiguration;
			buildSettings = {
				ALWAYS_SEARCH_USER_PATHS = NO;
				CLANG_ANALYZER_NONNULL = YES;
				CLANG_ANALYZER_NUMBER_OBJECT_CONVERSION = YES_AGGRESSIVE;
				CLANG_CXX_LANGUAGE_STANDARD = "gnu++14";
				CLANG_CXX_LIBRARY = "libc++";
				CLANG_ENABLE_MODULES = YES;
				CLANG_ENABLE_OBJC_ARC = YES;
				CLANG_ENABLE_OBJC_WEAK = YES;
				CLANG_WARN_BLOCK_CAPTURE_AUTORELEASING = YES;
				CLANG_WARN_BOOL_CONVERSION = YES;
				CLANG_WARN_COMMA = YES;
				CLANG_WARN_CONSTANT_CONVERSION = YES;
				CLANG_WARN_DEPRECATED_OBJC_IMPLEMENTATIONS = YES;
				CLANG_WARN_DIRECT_OBJC_ISA_USAGE = YES_ERROR;
				CLANG_WARN_DOCUMENTATION_COMMENTS = YES;
				CLANG_WARN_EMPTY_BODY = YES;
				CLANG_WARN_ENUM_CONVERSION = YES;
				CLANG_WARN_INFINITE_RECURSION = YES;
				CLANG_WARN_INT_CONVERSION = YES;
				CLANG_WARN_NON_LITERAL_NULL_CONVERSION = YES;
				CLANG_WARN_OBJC_IMPLICIT_RETAIN_SELF = YES;
				CLANG_WARN_OBJC_LITERAL_CONVERSION = YES;
				CLANG_WARN_OBJC_ROOT_CLASS = YES_ERROR;
				CLANG_WARN_RANGE_LOOP_ANALYSIS = YES;
				CLANG_WARN_STRICT_PROTOTYPES = YES;
				CLANG_WARN_SUSPICIOUS_MOVE = YES;
				CLANG_WARN_UNGUARDED_AVAILABILITY = YES_AGGRESSIVE;
				CLANG_WARN_UNREACHABLE_CODE = YES;
				CLANG_WARN__DUPLICATE_METHOD_MATCH = YES;
				CODE_SIGN_IDENTITY = "iPhone Developer";
				COPY_PHASE_STRIP = NO;
				DEBUG_INFORMATION_FORMAT = dwarf;
				ENABLE_STRICT_OBJC_MSGSEND = YES;
				ENABLE_TESTABILITY = YES;
				GCC_C_LANGUAGE_STANDARD = gnu11;
				GCC_DYNAMIC_NO_PIC = NO;
				GCC_NO_COMMON_BLOCKS = YES;
				GCC_OPTIMIZATION_LEVEL = 0;
				GCC_PREPROCESSOR_DEFINITIONS = (
					"DEBUG=1",
					"$(inherited)",
				);
				GCC_WARN_64_TO_32_BIT_CONVERSION = YES;
				GCC_WARN_ABOUT_RETURN_TYPE = YES_ERROR;
				GCC_WARN_UNDECLARED_SELECTOR = YES;
				GCC_WARN_UNINITIALIZED_AUTOS = YES_AGGRESSIVE;
				GCC_WARN_UNUSED_FUNCTION = YES;
				GCC_WARN_UNUSED_VARIABLE = YES;
				IPHONEOS_DEPLOYMENT_TARGET = 12.1;
				MTL_ENABLE_DEBUG_INFO = INCLUDE_SOURCE;
				MTL_FAST_MATH = YES;
				ONLY_ACTIVE_ARCH = YES;
				SDKROOT = iphoneos;
				SWIFT_ACTIVE_COMPILATION_CONDITIONS = DEBUG;
				SWIFT_OPTIMIZATION_LEVEL = "-Onone";
			};
			name = Debug;
		};
		F462113F21DEC63F00FA02DB /* Release */ = {
			isa = XCBuildConfiguration;
			buildSettings = {
				ALWAYS_SEARCH_USER_PATHS = NO;
				CLANG_ANALYZER_NONNULL = YES;
				CLANG_ANALYZER_NUMBER_OBJECT_CONVERSION = YES_AGGRESSIVE;
				CLANG_CXX_LANGUAGE_STANDARD = "gnu++14";
				CLANG_CXX_LIBRARY = "libc++";
				CLANG_ENABLE_MODULES = YES;
				CLANG_ENABLE_OBJC_ARC = YES;
				CLANG_ENABLE_OBJC_WEAK = YES;
				CLANG_WARN_BLOCK_CAPTURE_AUTORELEASING = YES;
				CLANG_WARN_BOOL_CONVERSION = YES;
				CLANG_WARN_COMMA = YES;
				CLANG_WARN_CONSTANT_CONVERSION = YES;
				CLANG_WARN_DEPRECATED_OBJC_IMPLEMENTATIONS = YES;
				CLANG_WARN_DIRECT_OBJC_ISA_USAGE = YES_ERROR;
				CLANG_WARN_DOCUMENTATION_COMMENTS = YES;
				CLANG_WARN_EMPTY_BODY = YES;
				CLANG_WARN_ENUM_CONVERSION = YES;
				CLANG_WARN_INFINITE_RECURSION = YES;
				CLANG_WARN_INT_CONVERSION = YES;
				CLANG_WARN_NON_LITERAL_NULL_CONVERSION = YES;
				CLANG_WARN_OBJC_IMPLICIT_RETAIN_SELF = YES;
				CLANG_WARN_OBJC_LITERAL_CONVERSION = YES;
				CLANG_WARN_OBJC_ROOT_CLASS = YES_ERROR;
				CLANG_WARN_RANGE_LOOP_ANALYSIS = YES;
				CLANG_WARN_STRICT_PROTOTYPES = YES;
				CLANG_WARN_SUSPICIOUS_MOVE = YES;
				CLANG_WARN_UNGUARDED_AVAILABILITY = YES_AGGRESSIVE;
				CLANG_WARN_UNREACHABLE_CODE = YES;
				CLANG_WARN__DUPLICATE_METHOD_MATCH = YES;
				CODE_SIGN_IDENTITY = "iPhone Developer";
				COPY_PHASE_STRIP = NO;
				DEBUG_INFORMATION_FORMAT = "dwarf-with-dsym";
				ENABLE_NS_ASSERTIONS = NO;
				ENABLE_STRICT_OBJC_MSGSEND = YES;
				GCC_C_LANGUAGE_STANDARD = gnu11;
				GCC_NO_COMMON_BLOCKS = YES;
				GCC_WARN_64_TO_32_BIT_CONVERSION = YES;
				GCC_WARN_ABOUT_RETURN_TYPE = YES_ERROR;
				GCC_WARN_UNDECLARED_SELECTOR = YES;
				GCC_WARN_UNINITIALIZED_AUTOS = YES_AGGRESSIVE;
				GCC_WARN_UNUSED_FUNCTION = YES;
				GCC_WARN_UNUSED_VARIABLE = YES;
				IPHONEOS_DEPLOYMENT_TARGET = 12.1;
				MTL_ENABLE_DEBUG_INFO = NO;
				MTL_FAST_MATH = YES;
				SDKROOT = iphoneos;
				SWIFT_COMPILATION_MODE = wholemodule;
				SWIFT_OPTIMIZATION_LEVEL = "-O";
				VALIDATE_PRODUCT = YES;
			};
			name = Release;
		};
		F462114121DEC63F00FA02DB /* Debug */ = {
			isa = XCBuildConfiguration;
			baseConfigurationReference = 1D6A0A311E39D50D70C19E56 /* Pods-GameCatalog.debug.xcconfig */;
			buildSettings = {
				ASSETCATALOG_COMPILER_APPICON_NAME = AppIcon;
				CODE_SIGN_STYLE = Automatic;
				DEVELOPMENT_TEAM = K87XPR878Y;
				INFOPLIST_FILE = GameCatalog/Info.plist;
				LD_RUNPATH_SEARCH_PATHS = (
					"$(inherited)",
					"@executable_path/Frameworks",
				);
				PRODUCT_BUNDLE_IDENTIFIER = com.APClient.GameCatalog;
				PRODUCT_NAME = "$(TARGET_NAME)";
				SWIFT_VERSION = 4.2;
				TARGETED_DEVICE_FAMILY = "1,2";
			};
			name = Debug;
		};
		F462114221DEC63F00FA02DB /* Release */ = {
			isa = XCBuildConfiguration;
			baseConfigurationReference = C5AE3682E9EBE7B33121A54B /* Pods-GameCatalog.release.xcconfig */;
			buildSettings = {
				ASSETCATALOG_COMPILER_APPICON_NAME = AppIcon;
				CODE_SIGN_STYLE = Automatic;
				DEVELOPMENT_TEAM = K87XPR878Y;
				INFOPLIST_FILE = GameCatalog/Info.plist;
				LD_RUNPATH_SEARCH_PATHS = (
					"$(inherited)",
					"@executable_path/Frameworks",
				);
				PRODUCT_BUNDLE_IDENTIFIER = com.APClient.GameCatalog;
				PRODUCT_NAME = "$(TARGET_NAME)";
				SWIFT_VERSION = 4.2;
				TARGETED_DEVICE_FAMILY = "1,2";
			};
			name = Release;
		};
		F462114421DEC63F00FA02DB /* Debug */ = {
			isa = XCBuildConfiguration;
			baseConfigurationReference = 0A92ECA7C4B2EE03E3452325 /* Pods-GameCatalogTests.debug.xcconfig */;
			buildSettings = {
				ALWAYS_EMBED_SWIFT_STANDARD_LIBRARIES = YES;
				BUNDLE_LOADER = "$(TEST_HOST)";
				CODE_SIGN_STYLE = Automatic;
				DEVELOPMENT_TEAM = K87XPR878Y;
				INFOPLIST_FILE = GameCatalogTests/Info.plist;
				LD_RUNPATH_SEARCH_PATHS = (
					"$(inherited)",
					"@executable_path/Frameworks",
					"@loader_path/Frameworks",
				);
				PRODUCT_BUNDLE_IDENTIFIER = com.APClient.GameCatalogTests;
				PRODUCT_NAME = "$(TARGET_NAME)";
				SWIFT_VERSION = 4.2;
				TARGETED_DEVICE_FAMILY = "1,2";
				TEST_HOST = "$(BUILT_PRODUCTS_DIR)/GameCatalog.app/GameCatalog";
			};
			name = Debug;
		};
		F462114521DEC63F00FA02DB /* Release */ = {
			isa = XCBuildConfiguration;
			baseConfigurationReference = 07E2098F9E3721EA8C9127C9 /* Pods-GameCatalogTests.release.xcconfig */;
			buildSettings = {
				ALWAYS_EMBED_SWIFT_STANDARD_LIBRARIES = YES;
				BUNDLE_LOADER = "$(TEST_HOST)";
				CODE_SIGN_STYLE = Automatic;
				DEVELOPMENT_TEAM = K87XPR878Y;
				INFOPLIST_FILE = GameCatalogTests/Info.plist;
				LD_RUNPATH_SEARCH_PATHS = (
					"$(inherited)",
					"@executable_path/Frameworks",
					"@loader_path/Frameworks",
				);
				PRODUCT_BUNDLE_IDENTIFIER = com.APClient.GameCatalogTests;
				PRODUCT_NAME = "$(TARGET_NAME)";
				SWIFT_VERSION = 4.2;
				TARGETED_DEVICE_FAMILY = "1,2";
				TEST_HOST = "$(BUILT_PRODUCTS_DIR)/GameCatalog.app/GameCatalog";
			};
			name = Release;
		};
		F462114721DEC63F00FA02DB /* Debug */ = {
			isa = XCBuildConfiguration;
			baseConfigurationReference = FAABB7A60B26642799B27367 /* Pods-GameCatalogUITests.debug.xcconfig */;
			buildSettings = {
				ALWAYS_EMBED_SWIFT_STANDARD_LIBRARIES = YES;
				CODE_SIGN_STYLE = Automatic;
				DEVELOPMENT_TEAM = K87XPR878Y;
				INFOPLIST_FILE = GameCatalogUITests/Info.plist;
				LD_RUNPATH_SEARCH_PATHS = (
					"$(inherited)",
					"@executable_path/Frameworks",
					"@loader_path/Frameworks",
				);
				PRODUCT_BUNDLE_IDENTIFIER = com.APClient.GameCatalogUITests;
				PRODUCT_NAME = "$(TARGET_NAME)";
				SWIFT_VERSION = 4.2;
				TARGETED_DEVICE_FAMILY = "1,2";
				TEST_TARGET_NAME = GameCatalog;
			};
			name = Debug;
		};
		F462114821DEC63F00FA02DB /* Release */ = {
			isa = XCBuildConfiguration;
			baseConfigurationReference = 38E082B5C946E5FA58AA9EE8 /* Pods-GameCatalogUITests.release.xcconfig */;
			buildSettings = {
				ALWAYS_EMBED_SWIFT_STANDARD_LIBRARIES = YES;
				CODE_SIGN_STYLE = Automatic;
				DEVELOPMENT_TEAM = K87XPR878Y;
				INFOPLIST_FILE = GameCatalogUITests/Info.plist;
				LD_RUNPATH_SEARCH_PATHS = (
					"$(inherited)",
					"@executable_path/Frameworks",
					"@loader_path/Frameworks",
				);
				PRODUCT_BUNDLE_IDENTIFIER = com.APClient.GameCatalogUITests;
				PRODUCT_NAME = "$(TARGET_NAME)";
				SWIFT_VERSION = 4.2;
				TARGETED_DEVICE_FAMILY = "1,2";
				TEST_TARGET_NAME = GameCatalog;
			};
			name = Release;
		};
/* End XCBuildConfiguration section */

/* Begin XCConfigurationList section */
		F462111021DEC63E00FA02DB /* Build configuration list for PBXProject "GameCatalog" */ = {
			isa = XCConfigurationList;
			buildConfigurations = (
				F462113E21DEC63F00FA02DB /* Debug */,
				F462113F21DEC63F00FA02DB /* Release */,
			);
			defaultConfigurationIsVisible = 0;
			defaultConfigurationName = Release;
		};
		F462114021DEC63F00FA02DB /* Build configuration list for PBXNativeTarget "GameCatalog" */ = {
			isa = XCConfigurationList;
			buildConfigurations = (
				F462114121DEC63F00FA02DB /* Debug */,
				F462114221DEC63F00FA02DB /* Release */,
			);
			defaultConfigurationIsVisible = 0;
			defaultConfigurationName = Release;
		};
		F462114321DEC63F00FA02DB /* Build configuration list for PBXNativeTarget "GameCatalogTests" */ = {
			isa = XCConfigurationList;
			buildConfigurations = (
				F462114421DEC63F00FA02DB /* Debug */,
				F462114521DEC63F00FA02DB /* Release */,
			);
			defaultConfigurationIsVisible = 0;
			defaultConfigurationName = Release;
		};
		F462114621DEC63F00FA02DB /* Build configuration list for PBXNativeTarget "GameCatalogUITests" */ = {
			isa = XCConfigurationList;
			buildConfigurations = (
				F462114721DEC63F00FA02DB /* Debug */,
				F462114821DEC63F00FA02DB /* Release */,
			);
			defaultConfigurationIsVisible = 0;
			defaultConfigurationName = Release;
		};
/* End XCConfigurationList section */

/* Begin XCVersionGroup section */
		F462111F21DEC63E00FA02DB /* GameCatalog.xcdatamodeld */ = {
			isa = XCVersionGroup;
			children = (
				F462112021DEC63E00FA02DB /* GameCatalog.xcdatamodel */,
			);
			currentVersion = F462112021DEC63E00FA02DB /* GameCatalog.xcdatamodel */;
			path = GameCatalog.xcdatamodeld;
			sourceTree = "<group>";
			versionGroupType = wrapper.xcdatamodel;
		};
/* End XCVersionGroup section */
	};
	rootObject = F462110D21DEC63E00FA02DB /* Project object */;
}
